
Microsoft Visual Studio Solution File, Format Version 12.00
# Visual Studio 15
VisualStudioVersion = 15.0.28307.1585
MinimumVisualStudioVersion = 10.0.40219.1
Project("{FAE04EC0-301F-11D3-BF4B-00C04F79EFBC}") = "ChatBox.SignalServer", "ChatBox.SignalServer\ChatBox.SignalServer.csproj", "{4082F38E-EDF9-4956-9DEF-D4621D47BC4E}"
EndProject
Project("{FAE04EC0-301F-11D3-BF4B-00C04F79EFBC}") = "ChatBoxTestClient", "TestClient\ChatBoxTestClient.csproj", "{FE6ABF5A-5C23-4B9F-AADA-C43238DAF455}"
EndProject
Project("{FAE04EC0-301F-11D3-BF4B-00C04F79EFBC}") = "ChatBoxClient", "ChatBoxClient\ChatBoxClient.csproj", "{7B0F403F-6A04-48B2-9EE8-42C39CB3A45A}"
EndProject
Global
	GlobalSection(SolutionConfigurationPlatforms) = preSolution
		Debug|Any CPU = Debug|Any CPU
		Release|Any CPU = Release|Any CPU
	EndGlobalSection
	GlobalSection(ProjectConfigurationPlatforms) = postSolution
		{4082F38E-EDF9-4956-9DEF-D4621D47BC4E}.Debug|Any CPU.ActiveCfg = Debug|Any CPU
		{4082F38E-EDF9-4956-9DEF-D4621D47BC4E}.Debug|Any CPU.Build.0 = Debug|Any CPU
		{4082F38E-EDF9-4956-9DEF-D4621D47BC4E}.Release|Any CPU.ActiveCfg = Release|Any CPU
		{4082F38E-EDF9-4956-9DEF-D4621D47BC4E}.Release|Any CPU.Build.0 = Release|Any CPU
		{FE6ABF5A-5C23-4B9F-AADA-C43238DAF455}.Debug|Any CPU.ActiveCfg = Debug|Any CPU
		{FE6ABF5A-5C23-4B9F-AADA-C43238DAF455}.Debug|Any CPU.Build.0 = Debug|Any CPU
		{FE6ABF5A-5C23-4B9F-AADA-C43238DAF455}.Release|Any CPU.ActiveCfg = Release|Any CPU
		{FE6ABF5A-5C23-4B9F-AADA-C43238DAF455}.Release|Any CPU.Build.0 = Release|Any CPU
		{7B0F403F-6A04-48B2-9EE8-42C39CB3A45A}.Debug|Any CPU.ActiveCfg = Debug|Any CPU
		{7B0F403F-6A04-48B2-9EE8-42C39CB3A45A}.Debug|Any CPU.Build.0 = Debug|Any CPU
		{7B0F403F-6A04-48B2-9EE8-42C39CB3A45A}.Release|Any CPU.ActiveCfg = Release|Any CPU
		{7B0F403F-6A04-48B2-9EE8-42C39CB3A45A}.Release|Any CPU.Build.0 = Release|Any CPU
	EndGlobalSection
	GlobalSection(SolutionProperties) = preSolution
		HideSolutionNode = FALSE
	EndGlobalSection
	GlobalSection(ExtensibilityGlobals) = postSolution
		SolutionGuid = {B7B7D4D6-53D5-4A74-9DA4-6E70019DF385}
	EndGlobalSection
EndGlobal
